
Microsoft Visual Studio Solution File, Format Version 12.00
# Visual Studio Version 17
VisualStudioVersion = 17.13.35818.85 d17.13
MinimumVisualStudioVersion = 10.0.40219.1
Project("{FAE04EC0-301F-11D3-BF4B-00C04F79EFBC}") = "Old_CSharp_Template", "Old_CSharp_Template.csproj", "{5F8047AB-AE22-436D-B017-B54FEBE8595E}"
EndProject
Global
	GlobalSection(SolutionConfigurationPlatforms) = preSolution
		Debug|Any CPU = Debug|Any CPU
		Release|Any CPU = Release|Any CPU
	EndGlobalSection
	GlobalSection(ProjectConfigurationPlatforms) = postSolution
		{5F8047AB-AE22-436D-B017-B54FEBE8595E}.Debug|Any CPU.ActiveCfg = Debug|Any CPU
		{5F8047AB-AE22-436D-B017-B54FEBE8595E}.Debug|Any CPU.Build.0 = Debug|Any CPU
		{5F8047AB-AE22-436D-B017-B54FEBE8595E}.Release|Any CPU.ActiveCfg = Release|Any CPU
		{5F8047AB-AE22-436D-B017-B54FEBE8595E}.Release|Any CPU.Build.0 = Release|Any CPU
	EndGlobalSection
	GlobalSection(SolutionProperties) = preSolution
		HideSolutionNode = FALSE
	EndGlobalSection
	GlobalSection(ExtensibilityGlobals) = postSolution
		SolutionGuid = {0B23E36C-AC7A-46CE-A82B-6BDEF6A56DB7}
	EndGlobalSection
EndGlobal
